
Microsoft Visual Studio Solution File, Format Version 12.00
# Visual Studio Version 16
VisualStudioVersion = 16.0.30907.101
MinimumVisualStudioVersion = 10.0.40219.1
Project("{FAE04EC0-301F-11D3-BF4B-00C04F79EFBC}") = "StringManipulationCollection", "StringManipulationCollection\StringManipulationCollection.csproj", "{EE85A21D-E6D3-40F8-A891-061D3E27018C}"
EndProject
Global
	GlobalSection(SolutionConfigurationPlatforms) = preSolution
		Debug|Any CPU = Debug|Any CPU
		Release|Any CPU = Release|Any CPU
	EndGlobalSection
	GlobalSection(ProjectConfigurationPlatforms) = postSolution
		{EE85A21D-E6D3-40F8-A891-061D3E27018C}.Debug|Any CPU.ActiveCfg = Debug|Any CPU
		{EE85A21D-E6D3-40F8-A891-061D3E27018C}.Debug|Any CPU.Build.0 = Debug|Any CPU
		{EE85A21D-E6D3-40F8-A891-061D3E27018C}.Release|Any CPU.ActiveCfg = Release|Any CPU
		{EE85A21D-E6D3-40F8-A891-061D3E27018C}.Release|Any CPU.Build.0 = Release|Any CPU
	EndGlobalSection
	GlobalSection(SolutionProperties) = preSolution
		HideSolutionNode = FALSE
	EndGlobalSection
	GlobalSection(ExtensibilityGlobals) = postSolution
		SolutionGuid = {1DB72FB9-2650-4DFA-A7C1-5EA4A5CFE0D0}
	EndGlobalSection
EndGlobal
